<?xml version="1.0" encoding="utf-8"?>
<Project ToolsVersion="4.0" xmlns="http://schemas.microsoft.com/developer/msbuild/2003">
  <ItemGroup>
    <Filter Include="Source Files">
      <UniqueIdentifier>{4FC737F1-C7A5-4376-A066-2A32D752A2FF}</UniqueIdentifier>
      <Extensions>cpp;c;cc;cxx;def;odl;idl;hpj;bat;asm;asmx</Extensions>
    </Filter>
    <Filter Include="Header Files">
      <UniqueIdentifier>{93995380-89BD-4b04-88EB-625FBE52EBFB}</UniqueIdentifier>
      <Extensions>h;hh;hpp;hxx;hm;inl;inc;xsd</Extensions>
    </Filter>
    <Filter Include="Resource Files">
      <UniqueIdentifier>{67DA6AB6-F800-4c08-8B7A-83BB121AAD01}</UniqueIdentifier>
      <Extensions>rc;ico;cur;bmp;dlg;rc2;rct;bin;rgs;gif;jpg;jpeg;jpe;resx;tiff;tif;png;wav;mfcribbon-ms</Extensions>
    </Filter>
    <Filter Include="Header Files\Replaceable">
      <UniqueIdentifier>{da370c36-c9a2-4f18-ab95-2c86938bd26d}</UniqueIdentifier>
    </Filter>
    <Filter Include="Source Files\Replaceable">
      <UniqueIdentifier>{7462e7c8-71f4-405e-9443-9038682535d0}</UniqueIdentifier>
    </Filter>
    <Filter Include="Header Files\Old">
      <UniqueIdentifier>{af5600e9-6af3-4c13-8945-5893af2321b7}</UniqueIdentifier>
    </Filter>
    <Filter Include="Source Files\Old">
      <UniqueIdentifier>{0b46e7b3-0dda-4afc-8d05-e6777cd8eda5}</UniqueIdentifier>
    </Filter>
  </ItemGroup>
  <ItemGroup>
    <ClCompile Include="Sample.cpp">
      <Filter>Source Files</Filter>
    </ClCompile>
    <ClCompile Include="shared\Matrices.cpp">
      <Filter>Source Files</Filter>
    </ClCompile>
    <ClCompile Include="shared\lodepng.cpp">
      <Filter>Source Files\Replaceable</Filter>
    </ClCompile>
    <ClCompile Include="shared\pathtools.cpp">
      <Filter>Source Files\Replaceable</Filter>
    </ClCompile>
    <ClCompile Include="FrameBuffer.cpp">
      <Filter>Source Files\Old</Filter>
    </ClCompile>
    <ClCompile Include="Mesh.cpp">
      <Filter>Source Files\Old</Filter>
    </ClCompile>
    <ClCompile Include="ParticleEffect.cpp">
      <Filter>Source Files\Old</Filter>
    </ClCompile>
    <ClCompile Include="Random.cpp">
      <Filter>Source Files\Old</Filter>
    </ClCompile>
    <ClCompile Include="ShaderProgram.cpp">
      <Filter>Source Files\Old</Filter>
    </ClCompile>
    <ClCompile Include="Texture.cpp">
      <Filter>Source Files\Old</Filter>
    </ClCompile>
    <ClCompile Include="Timer.cpp">
      <Filter>Source Files\Old</Filter>
    </ClCompile>
    <ClCompile Include="Utilities.cpp">
      <Filter>Source Files\Old</Filter>
    </ClCompile>
    <ClCompile Include="VrApp.cpp">
      <Filter>Source Files\Old</Filter>
    </ClCompile>
    <ClCompile Include="main.cpp">
      <Filter>Source Files</Filter>
    </ClCompile>
    <ClCompile Include="GPUParticles.cpp">
      <Filter>Source Files</Filter>
    </ClCompile>
    <ClCompile Include="Application.cpp">
      <Filter>Source Files</Filter>
    </ClCompile>
    <ClCompile Include="physics.cpp">
      <Filter>Source Files</Filter>
    </ClCompile>
  </ItemGroup>
  <ItemGroup>
    <ClInclude Include="shared\Matrices.h">
      <Filter>Header Files</Filter>
    </ClInclude>
    <ClInclude Include="shared\Vectors.h">
      <Filter>Header Files</Filter>
    </ClInclude>
    <ClInclude Include="shared\compat.h">
      <Filter>Header Files\Replaceable</Filter>
    </ClInclude>
    <ClInclude Include="shared\lodepng.h">
      <Filter>Header Files\Replaceable</Filter>
    </ClInclude>
    <ClInclude Include="shared\pathtools.h">
      <Filter>Header Files\Replaceable</Filter>
    </ClInclude>
    <ClInclude Include="FrameBuffer.h">
      <Filter>Header Files\Old</Filter>
    </ClInclude>
    <ClInclude Include="Mesh.h">
      <Filter>Header Files\Old</Filter>
    </ClInclude>
    <ClInclude Include="ParticleEffect.h">
      <Filter>Header Files\Old</Filter>
    </ClInclude>
    <ClInclude Include="Random.h">
      <Filter>Header Files\Old</Filter>
    </ClInclude>
    <ClInclude Include="ShaderProgram.h">
      <Filter>Header Files\Old</Filter>
    </ClInclude>
    <ClInclude Include="Texture.h">
      <Filter>Header Files\Old</Filter>
    </ClInclude>
    <ClInclude Include="Timer.h">
      <Filter>Header Files\Old</Filter>
    </ClInclude>
    <ClInclude Include="Utilities.h">
      <Filter>Header Files\Old</Filter>
    </ClInclude>
    <ClInclude Include="VrApp.h">
      <Filter>Header Files\Old</Filter>
    </ClInclude>
    <ClInclude Include="GPUParticles.h">
      <Filter>Header Files</Filter>
    </ClInclude>
    <ClInclude Include="Application.h">
      <Filter>Header Files</Filter>
    </ClInclude>
    <ClInclude Include="physics.h">
      <Filter>Header Files</Filter>
    </ClInclude>
  </ItemGroup>
</Project>